<?xml version="1.0" encoding="utf-8"?>
<Project ToolsVersion="4.0" xmlns="http://schemas.microsoft.com/developer/msbuild/2003">
  <ItemGroup>
    <ClCompile Include="..\src\main.cpp">
      <Filter>src</Filter>
    </ClCompile>
    <ClCompile Include="..\src\NetworkManager.cpp">
      <Filter>src</Filter>
    </ClCompile>
    <ClCompile Include="..\src\DatabaseManager.cpp">
      <Filter>src</Filter>
    </ClCompile>
    <ClCompile Include="..\src\Login.cpp">
      <Filter>src</Filter>
    </ClCompile>
    <ClCompile Include="..\src\MessageManager.cpp">
      <Filter>src</Filter>
    </ClCompile>
    <ClCompile Include="..\src\md5.cpp">
      <Filter>src</Filter>
    </ClCompile>
    <ClCompile Include="..\submodules\exploot-protobuf\build\Connect.callback.pb.cc">
      <Filter>src\protobuf</Filter>
    </ClCompile>
    <ClCompile Include="..\submodules\exploot-protobuf\build\Connect.pb.cc">
      <Filter>src\protobuf</Filter>
    </ClCompile>
    <ClCompile Include="..\submodules\exploot-protobuf\build\Message.pb.cc">
      <Filter>src\protobuf</Filter>
    </ClCompile>
  </ItemGroup>
  <ItemGroup>
    <Filter Include="src">
      <UniqueIdentifier>{5413f8c9-fdae-4ed7-8b90-7f918f80ecf4}</UniqueIdentifier>
    </Filter>
    <Filter Include="include">
      <UniqueIdentifier>{74e7a2bf-fe49-4e68-a4ea-0f840632bccd}</UniqueIdentifier>
    </Filter>
    <Filter Include="protobuf">
      <UniqueIdentifier>{3af25105-5eb2-4537-bdaa-7286e45d8e7c}</UniqueIdentifier>
    </Filter>
    <Filter Include="sql">
      <UniqueIdentifier>{840a7f09-56b8-405d-9748-73c66d70313d}</UniqueIdentifier>
    </Filter>
    <Filter Include="include\protobuf">
      <UniqueIdentifier>{724d62c1-aeb5-4a05-afdb-0f8ae76e0884}</UniqueIdentifier>
    </Filter>
    <Filter Include="src\protobuf">
      <UniqueIdentifier>{309d3061-4be9-4dd9-884a-143fcadf0e9a}</UniqueIdentifier>
    </Filter>
  </ItemGroup>
  <ItemGroup>
    <ClInclude Include="..\include\config.h">
      <Filter>include</Filter>
    </ClInclude>
    <ClInclude Include="..\include\NetworkManager.h">
      <Filter>include</Filter>
    </ClInclude>
    <ClInclude Include="..\include\DatabaseManager.h">
      <Filter>include</Filter>
    </ClInclude>
    <ClInclude Include="..\include\Login.h">
      <Filter>include</Filter>
    </ClInclude>
    <ClInclude Include="..\include\MessageManager.h">
      <Filter>include</Filter>
    </ClInclude>
    <ClInclude Include="..\include\md5.h">
      <Filter>include</Filter>
    </ClInclude>
    <ClInclude Include="..\submodules\exploot-protobuf\build\Connect.callback.pb.h">
      <Filter>include\protobuf</Filter>
    </ClInclude>
    <ClInclude Include="..\submodules\exploot-protobuf\build\Connect.pb.h">
      <Filter>include\protobuf</Filter>
    </ClInclude>
    <ClInclude Include="..\submodules\exploot-protobuf\build\Message.pb.h">
      <Filter>include\protobuf</Filter>
    </ClInclude>
  </ItemGroup>
  <ItemGroup>
    <None Include="..\submodules\exploot-protobuf\Connect.proto">
      <Filter>protobuf</Filter>
    </None>
    <None Include="..\submodules\exploot-protobuf\Message.proto">
      <Filter>protobuf</Filter>
    </None>
    <None Include="..\submodules\exploot-protobuf\Connect.callback.proto">
      <Filter>protobuf</Filter>
    </None>
    <None Include="..\sql\login.sql">
      <Filter>sql</Filter>
    </None>
  </ItemGroup>
</Project>